<?xml version="1.0" encoding="utf-8"?>
<Project ToolsVersion="4.0" xmlns="http://schemas.microsoft.com/developer/msbuild/2003">
  <ItemGroup>
    <Filter Include="source">
      <UniqueIdentifier>{9a64ae1a-bb22-4a09-b9cf-d08fe28673a4}</UniqueIdentifier>
      <Extensions>cpp;c;cxx;def;odl;idl;hpj;bat;asm</Extensions>
    </Filter>
    <Filter Include="include">
      <UniqueIdentifier>{bff928e4-ad63-4c51-a73a-984a5db2b080}</UniqueIdentifier>
      <Extensions>h;hpp;hxx;hm;inl;inc</Extensions>
    </Filter>
    <Filter Include="resource">
      <UniqueIdentifier>{a00c1341-85ce-46b2-b5ec-aee717eeb981}</UniqueIdentifier>
      <Extensions>rc;ico;cur;bmp;dlg;rc2;rct;bin;rgs;jpg;jpeg;jpe;png;manifest</Extensions>
    </Filter>
    <Filter Include="source\layer">
      <UniqueIdentifier>{1bccb44a-fb4d-458b-bc54-80df71f8e518}</UniqueIdentifier>
    </Filter>
    <Filter Include="include\layer">
      <UniqueIdentifier>{11894baf-51a9-4200-84ed-6447569e04ee}</UniqueIdentifier>
    </Filter>
    <Filter Include="include\sprite">
      <UniqueIdentifier>{d0cbb799-0912-41f1-9264-d7dff33f16f2}</UniqueIdentifier>
    </Filter>
    <Filter Include="source\sprite">
      <UniqueIdentifier>{13e07340-df79-4ebc-ad8a-9dbaa83eefc8}</UniqueIdentifier>
    </Filter>
    <Filter Include="include\scene">
      <UniqueIdentifier>{5105ac3e-45dc-47dd-a40b-3587247e1cca}</UniqueIdentifier>
    </Filter>
    <Filter Include="source\scene">
      <UniqueIdentifier>{e16af3a0-a8e3-45d0-9da2-a5f478a7354b}</UniqueIdentifier>
    </Filter>
    <Filter Include="include\action">
      <UniqueIdentifier>{62b1fc2a-8089-47c5-9509-d7aa67839929}</UniqueIdentifier>
    </Filter>
    <Filter Include="source\action">
      <UniqueIdentifier>{ecd1d3e5-bdd1-45e7-a2a3-dc35bf164e2c}</UniqueIdentifier>
    </Filter>
    <Filter Include="include\menu">
      <UniqueIdentifier>{26a07c35-d5ed-4b16-aab3-999ebc41afd6}</UniqueIdentifier>
    </Filter>
    <Filter Include="source\menu">
      <UniqueIdentifier>{d3e04fc9-df6e-4251-95e1-94f034ade76d}</UniqueIdentifier>
    </Filter>
    <Filter Include="include\director">
      <UniqueIdentifier>{ff51ce4f-f5ad-4d27-821e-6b603888ae46}</UniqueIdentifier>
    </Filter>
    <Filter Include="source\director">
      <UniqueIdentifier>{ca8e1955-4cfc-449c-920b-7870f710afbc}</UniqueIdentifier>
    </Filter>
    <Filter Include="include\constants">
      <UniqueIdentifier>{d8da4244-8f3b-4e1a-a85b-acd6a61dcce8}</UniqueIdentifier>
    </Filter>
    <Filter Include="source\constants">
      <UniqueIdentifier>{cb61e9ec-77d7-4d7c-abe5-b61e0e978c40}</UniqueIdentifier>
    </Filter>
    <Filter Include="source\utility">
      <UniqueIdentifier>{b3ba2995-6187-4ffc-8bf4-dcf16086a51c}</UniqueIdentifier>
    </Filter>
    <Filter Include="include\utility">
      <UniqueIdentifier>{4848f247-5ae8-41e3-afdd-7be056081345}</UniqueIdentifier>
    </Filter>
    <Filter Include="include\scheduler">
      <UniqueIdentifier>{1c5fb397-0dc4-4f2e-aac2-62e431a1aaa4}</UniqueIdentifier>
    </Filter>
    <Filter Include="source\scheduler">
      <UniqueIdentifier>{b572372e-b285-4329-aaa5-d15caaeffcbc}</UniqueIdentifier>
    </Filter>
    <Filter Include="include\collision">
      <UniqueIdentifier>{3452cb20-e8f9-4ba1-b13c-086d5cd66b6a}</UniqueIdentifier>
    </Filter>
    <Filter Include="source\collision">
      <UniqueIdentifier>{40cb19fc-db28-4e02-b2e4-cdc00edf7aa4}</UniqueIdentifier>
    </Filter>
    <Filter Include="include\animation">
      <UniqueIdentifier>{d916277c-ebc0-4c0a-bbf5-81115fdc4c34}</UniqueIdentifier>
    </Filter>
    <Filter Include="source\animation">
      <UniqueIdentifier>{dd1cfcc5-2fa4-44b2-8976-3d7071a2176c}</UniqueIdentifier>
    </Filter>
    <Filter Include="include\synchronization">
      <UniqueIdentifier>{a741cdaa-3549-4640-bdb6-f848934a4c2e}</UniqueIdentifier>
    </Filter>
    <Filter Include="source\synchronization">
      <UniqueIdentifier>{ffdd2dd4-5960-4fd8-a3f7-e686ebf6bf7d}</UniqueIdentifier>
    </Filter>
    <Filter Include="source\script">
      <UniqueIdentifier>{ec0f9e76-c293-48f6-840d-5f70e0eb5448}</UniqueIdentifier>
    </Filter>
    <Filter Include="include\script">
      <UniqueIdentifier>{6cd6ecaa-8327-4ec4-9c0f-91d8400b77db}</UniqueIdentifier>
    </Filter>
    <Filter Include="include\mail">
      <UniqueIdentifier>{086e4e48-c68a-4ff2-a7dc-f8f2590ac3c0}</UniqueIdentifier>
    </Filter>
    <Filter Include="source\mail">
      <UniqueIdentifier>{ffccf2c6-ace6-488f-b058-3204052decd7}</UniqueIdentifier>
    </Filter>
  </ItemGroup>
  <ItemGroup>
    <None Include="res\NeoSalamander.ico">
      <Filter>resource</Filter>
    </None>
    <None Include="..\Resources\CloseSelected.png">
      <Filter>resource</Filter>
    </None>
    <None Include="..\Resources\CloseNormal.png">
      <Filter>resource</Filter>
    </None>
    <None Include="..\Resources\HelloWorld.png">
      <Filter>resource</Filter>
    </None>
  </ItemGroup>
  <ItemGroup>
    <ResourceCompile Include="NeoSalamander.rc">
      <Filter>resource</Filter>
    </ResourceCompile>
  </ItemGroup>
  <ItemGroup>
    <ClInclude Include="resource.h">
      <Filter>include</Filter>
    </ClInclude>
    <ClInclude Include="main.h">
      <Filter>include</Filter>
    </ClInclude>
    <ClInclude Include="..\Classes\AppDelegate.h">
      <Filter>include</Filter>
    </ClInclude>
    <ClInclude Include="..\Classes\HelloWorldScene.h">
      <Filter>include</Filter>
    </ClInclude>
    <ClInclude Include="..\Classes\layer\BgLayer.h">
      <Filter>include\layer</Filter>
    </ClInclude>
    <ClInclude Include="NeoConstants.h">
      <Filter>include\constants</Filter>
    </ClInclude>
    <ClInclude Include="..\Classes\sprite\ZSprite.h">
      <Filter>include\sprite</Filter>
    </ClInclude>
    <ClInclude Include="..\Classes\utility\Utility.h">
      <Filter>include\utility</Filter>
    </ClInclude>
    <ClInclude Include="..\Classes\sprite\Plane.h">
      <Filter>include\sprite</Filter>
    </ClInclude>
    <ClInclude Include="..\Classes\layer\ObjectLayer.h">
      <Filter>include\layer</Filter>
    </ClInclude>
    <ClInclude Include="..\Classes\scheduler\ScheduleTempValHolder.h">
      <Filter>include\scheduler</Filter>
    </ClInclude>
    <ClInclude Include="..\Classes\action\CCMoveToWrapper.h">
      <Filter>include\action</Filter>
    </ClInclude>
    <ClInclude Include="..\Classes\scheduler\LayerScheduler.h">
      <Filter>include\scheduler</Filter>
    </ClInclude>
    <ClInclude Include="..\Classes\collision\CollisionDetector.h">
      <Filter>include\collision</Filter>
    </ClInclude>
    <ClInclude Include="..\Classes\animation\AnimationWrapper.h">
      <Filter>include\animation</Filter>
    </ClInclude>
    <ClInclude Include="..\Classes\synchronization\GlobalFlag.h">
      <Filter>include\synchronization</Filter>
    </ClInclude>
    <ClInclude Include="..\Classes\script\ZDlg.h">
      <Filter>include\script</Filter>
    </ClInclude>
    <ClInclude Include="..\Classes\script\ScriptPlayer.h">
      <Filter>include\script</Filter>
    </ClInclude>
    <ClInclude Include="..\Classes\layer\ScriptLayer.h">
      <Filter>include\layer</Filter>
    </ClInclude>
    <ClInclude Include="..\Classes\script\ZLabelTTF.h">
      <Filter>include\script</Filter>
    </ClInclude>
    <ClInclude Include="..\Classes\utility\CompareCString.h">
      <Filter>include</Filter>
    </ClInclude>
    <ClInclude Include="..\Classes\mail\CSmtp.h">
      <Filter>include\mail</Filter>
    </ClInclude>
    <ClInclude Include="..\Classes\mail\base64.h">
      <Filter>include\mail</Filter>
    </ClInclude>
    <ClInclude Include="..\Classes\mail\Courier.h">
      <Filter>include\mail</Filter>
    </ClInclude>
    <ClInclude Include="..\Classes\menu\ZMenu.h">
      <Filter>include\menu</Filter>
    </ClInclude>
    <ClInclude Include="..\Classes\menu\ZOption.h">
      <Filter>include\menu</Filter>
    </ClInclude>
    <ClInclude Include="..\Classes\script\ScriptElement.h">
      <Filter>include\script</Filter>
    </ClInclude>
    <ClInclude Include="..\Classes\script\ValueWrapper.h">
      <Filter>include\script</Filter>
    </ClInclude>
    <ClInclude Include="..\Classes\menu\ZGameMenu.h">
      <Filter>include\menu</Filter>
    </ClInclude>
    <ClInclude Include="..\Classes\menu\ZMainMenu.h">
      <Filter>include\menu</Filter>
    </ClInclude>
    <ClInclude Include="..\Classes\menu\ZGameOption.h">
      <Filter>include\menu</Filter>
    </ClInclude>
    <ClInclude Include="..\Classes\menu\ZGameMenuContainer.h">
      <Filter>include\menu</Filter>
    </ClInclude>
    <ClInclude Include="..\Classes\menu\ZLoadMenu.h">
      <Filter>include\menu</Filter>
    </ClInclude>
  </ItemGroup>
  <ItemGroup>
    <ClCompile Include="main.cpp">
      <Filter>source</Filter>
    </ClCompile>
    <ClCompile Include="..\Classes\AppDelegate.cpp">
      <Filter>source</Filter>
    </ClCompile>
    <ClCompile Include="..\Classes\HelloWorldScene.cpp">
      <Filter>source</Filter>
    </ClCompile>
    <ClCompile Include="..\Classes\layer\BgLayer.cpp">
      <Filter>source\layer</Filter>
    </ClCompile>
    <ClCompile Include="NeoConstants.cpp">
      <Filter>source\constants</Filter>
    </ClCompile>
    <ClCompile Include="..\Classes\sprite\ZSprite.cpp">
      <Filter>source\sprite</Filter>
    </ClCompile>
    <ClCompile Include="..\Classes\utility\Utility.cpp">
      <Filter>source\utility</Filter>
    </ClCompile>
    <ClCompile Include="..\Classes\sprite\Plane.cpp">
      <Filter>source\sprite</Filter>
    </ClCompile>
    <ClCompile Include="..\Classes\layer\ObjectLayer.cpp">
      <Filter>source\layer</Filter>
    </ClCompile>
    <ClCompile Include="..\Classes\scheduler\ScheduleTempValHolder.cpp">
      <Filter>source\scheduler</Filter>
    </ClCompile>
    <ClCompile Include="..\Classes\action\CCMoveToWrapper.cpp">
      <Filter>source\action</Filter>
    </ClCompile>
    <ClCompile Include="..\Classes\scheduler\LayerScheduler.cpp">
      <Filter>source\scheduler</Filter>
    </ClCompile>
    <ClCompile Include="..\Classes\collision\CollisionDetector.cpp">
      <Filter>source\collision</Filter>
    </ClCompile>
    <ClCompile Include="..\Classes\animation\AnimationWrapper.cpp">
      <Filter>source\animation</Filter>
    </ClCompile>
    <ClCompile Include="..\Classes\synchronization\GlobalFlag.cpp">
      <Filter>source\synchronization</Filter>
    </ClCompile>
    <ClCompile Include="..\Classes\script\ZDlg.cpp">
      <Filter>source\script</Filter>
    </ClCompile>
    <ClCompile Include="..\Classes\script\ScriptPlayer.cpp">
      <Filter>source\script</Filter>
    </ClCompile>
    <ClCompile Include="..\Classes\layer\ScriptLayer.cpp">
      <Filter>source\layer</Filter>
    </ClCompile>
    <ClCompile Include="..\Classes\script\ZLabelTTF.cpp">
      <Filter>source\script</Filter>
    </ClCompile>
    <ClCompile Include="..\Classes\utility\CompareCString.cpp">
      <Filter>source</Filter>
    </ClCompile>
    <ClCompile Include="..\Classes\mail\CSmtp.cpp">
      <Filter>source\mail</Filter>
    </ClCompile>
    <ClCompile Include="..\Classes\mail\base64.cpp">
      <Filter>source\mail</Filter>
    </ClCompile>
    <ClCompile Include="..\Classes\mail\Courier.cpp">
      <Filter>source\mail</Filter>
    </ClCompile>
    <ClCompile Include="..\Classes\menu\ZMenu.cpp">
      <Filter>source\menu</Filter>
    </ClCompile>
    <ClCompile Include="..\Classes\menu\ZOption.cpp">
      <Filter>source\menu</Filter>
    </ClCompile>
    <ClCompile Include="..\Classes\script\ScriptElement.cpp">
      <Filter>source\script</Filter>
    </ClCompile>
    <ClCompile Include="..\Classes\script\ValueWrapper.cpp">
      <Filter>source\script</Filter>
    </ClCompile>
    <ClCompile Include="..\Classes\menu\ZGameMenu.cpp">
      <Filter>source\menu</Filter>
    </ClCompile>
    <ClCompile Include="..\Classes\menu\ZMainMenu.cpp">
      <Filter>source\menu</Filter>
    </ClCompile>
    <ClCompile Include="..\Classes\menu\ZGameOption.cpp">
      <Filter>source\menu</Filter>
    </ClCompile>
    <ClCompile Include="..\Classes\menu\ZGameMenuContainer.cpp">
      <Filter>source\menu</Filter>
    </ClCompile>
    <ClCompile Include="..\Classes\menu\ZLoadMenu.cpp">
      <Filter>source\menu</Filter>
    </ClCompile>
  </ItemGroup>
</Project>